// !$*UTF8*$!
{
	archiveVersion = 1;
	classes = {
	};
	objectVersion = 56;
	objects = {

/* Begin PBXBuildFile section */
		DBFP00000000000000000021 /* FileProviderSpike.swift in Sources */ = {isa = PBXBuildFile; fileRef = DBFP00000000000000000001 /* FileProviderSpike.swift */; };
/* End PBXBuildFile section */

/* Begin PBXFileReference section */
		DBFP00000000000000000001 /* FileProviderSpike.swift */ = {isa = PBXFileReference; lastKnownFileType = sourcecode.swift; path = FileProviderSpike.swift; sourceTree = "<group>"; };
		DBFP00000000000000000005 /* FileProviderSpike.appex */ = {isa = PBXFileReference; explicitFileType = "wrapper.app-extension"; includeInIndex = 0; path = FileProviderSpike.appex; sourceTree = BUILT_PRODUCTS_DIR; };
		DBFP00000000000000000006 /* Info.plist */ = {isa = PBXFileReference; lastKnownFileType = text.plist.xml; path = Info.plist; sourceTree = "<group>"; };
/* End PBXFileReference section */

/* Begin PBXFrameworksBuildPhase section */
		DBFP00000000000000000031 /* Frameworks */ = {
			isa = PBXFrameworksBuildPhase;
			buildActionMask = 2147483647;
			files = (
			);
			runOnlyForDeploymentPostprocessing = 0;
		};
/* End PBXFrameworksBuildPhase section */

/* Begin PBXGroup section */
		DBFP00000000000000000040 = {
			isa = PBXGroup;
			children = (
				DBFP00000000000000000041 /* FileProviderSpike */,
				DBFP00000000000000000042 /* Products */,
			);
			sourceTree = "<group>";
		};
		DBFP00000000000000000041 /* FileProviderSpike */ = {
			isa = PBXGroup;
			children = (
				DBFP00000000000000000001 /* FileProviderSpike.swift */,
				DBFP00000000000000000006 /* Info.plist */,
			);
			name = FileProviderSpike;
			sourceTree = "<group>";
		};
		DBFP00000000000000000042 /* Products */ = {
			isa = PBXGroup;
			children = (
				DBFP00000000000000000005 /* FileProviderSpike.appex */,
			);
			name = Products;
			sourceTree = "<group>";
		};
/* End PBXGroup section */

/* Begin PBXNativeTarget section */
		DBFP00000000000000000050 /* FileProviderSpike */ = {
			isa = PBXNativeTarget;
			buildConfigurationList = DBFP00000000000000000060 /* Build configuration list for PBXNativeTarget "FileProviderSpike" */;
			buildPhases = (
				DBFP00000000000000000032 /* Sources */,
				DBFP00000000000000000031 /* Frameworks */,
			);
			buildRules = (
			);
			dependencies = (
			);
			name = FileProviderSpike;
			productName = FileProviderSpike;
			productReference = DBFP00000000000000000005 /* FileProviderSpike.appex */;
			productType = "com.apple.product-type.app-extension";
		};
/* End PBXNativeTarget section */

/* Begin PBXProject section */
		DBFP00000000000000000051 /* Project object */ = {
			isa = PBXProject;
			attributes = {
				BuildIndependentTargetsInParallel = 1;
				LastSwiftUpdateCheck = 1500;
				LastUpgradeCheck = 1500;
				TargetAttributes = {
					DBFP00000000000000000050 = {
						CreatedOnToolsVersion = 15.0;
					};
				};
			};
			buildConfigurationList = DBFP00000000000000000061 /* Build configuration list for PBXProject "FileProviderSpike" */;
			compatibilityVersion = "Xcode 14.0";
			developmentRegion = en;
			hasScannedForEncodings = 0;
			knownRegions = (
				en,
				Base,
			);
			mainGroup = DBFP00000000000000000040;
			productRefGroup = DBFP00000000000000000042 /* Products */;
			projectDirPath = "";
			projectRoot = "";
			targets = (
				DBFP00000000000000000050 /* FileProviderSpike */,
			);
		};
/* End PBXProject section */

/* Begin PBXSourcesBuildPhase section */
		DBFP00000000000000000032 /* Sources */ = {
			isa = PBXSourcesBuildPhase;
			buildActionMask = 2147483647;
			files = (
				DBFP00000000000000000021 /* FileProviderSpike.swift in Sources */,
			);
			runOnlyForDeploymentPostprocessing = 0;
		};
/* End PBXSourcesBuildPhase section */

/* Begin XCBuildConfiguration section */
		DBFP00000000000000000070 /* Debug */ = {
			isa = XCBuildConfiguration;
			buildSettings = {
				ALWAYS_SEARCH_USER_PATHS = NO;
				CLANG_ENABLE_MODULES = YES;
				CODE_SIGN_STYLE = Automatic;
				CURRENT_PROJECT_VERSION = 1;
				DEVELOPMENT_TEAM = "";
				ENABLE_HARDENED_RUNTIME = YES;
				GENERATE_INFOPLIST_FILE = NO;
				INFOPLIST_FILE = Info.plist;
				LD_RUNPATH_SEARCH_PATHS = (
					"$(inherited)",
					"@executable_path/../Frameworks",
					"@executable_path/../../../../Frameworks",
				);
				MACOSX_DEPLOYMENT_TARGET = 12.0;
				MARKETING_VERSION = 0.1.0;
				PRODUCT_BUNDLE_IDENTIFIER = com.mobsanchez.dropboxsyncdesktop.fileproviderspike;
				PRODUCT_NAME = "$(TARGET_NAME)";
				SDKROOT = macosx;
				SKIP_INSTALL = YES;
				SWIFT_EMIT_LOC_STRINGS = NO;
				SWIFT_VERSION = 5.0;
				WRAPPER_EXTENSION = appex;
			};
			name = Debug;
		};
		DBFP00000000000000000071 /* Release */ = {
			isa = XCBuildConfiguration;
			buildSettings = {
				ALWAYS_SEARCH_USER_PATHS = NO;
				CLANG_ENABLE_MODULES = YES;
				CODE_SIGN_STYLE = Automatic;
				CURRENT_PROJECT_VERSION = 1;
				DEVELOPMENT_TEAM = "";
				ENABLE_HARDENED_RUNTIME = YES;
				GENERATE_INFOPLIST_FILE = NO;
				INFOPLIST_FILE = Info.plist;
				LD_RUNPATH_SEARCH_PATHS = (
					"$(inherited)",
					"@executable_path/../Frameworks",
					"@executable_path/../../../../Frameworks",
				);
				MACOSX_DEPLOYMENT_TARGET = 12.0;
				MARKETING_VERSION = 0.1.0;
				PRODUCT_BUNDLE_IDENTIFIER = com.mobsanchez.dropboxsyncdesktop.fileproviderspike;
				PRODUCT_NAME = "$(TARGET_NAME)";
				SDKROOT = macosx;
				SKIP_INSTALL = YES;
				SWIFT_EMIT_LOC_STRINGS = NO;
				SWIFT_VERSION = 5.0;
				WRAPPER_EXTENSION = appex;
			};
			name = Release;
		};
		DBFP00000000000000000072 /* Debug */ = {
			isa = XCBuildConfiguration;
			buildSettings = {
			};
			name = Debug;
		};
		DBFP00000000000000000073 /* Release */ = {
			isa = XCBuildConfiguration;
			buildSettings = {
			};
			name = Release;
		};
/* End XCBuildConfiguration section */

/* Begin XCConfigurationList section */
		DBFP00000000000000000060 /* Build configuration list for PBXNativeTarget "FileProviderSpike" */ = {
			isa = XCConfigurationList;
			buildConfigurations = (
				DBFP00000000000000000070 /* Debug */,
				DBFP00000000000000000071 /* Release */,
			);
			defaultConfigurationIsVisible = 0;
			defaultConfigurationName = Release;
		};
		DBFP00000000000000000061 /* Build configuration list for PBXProject "FileProviderSpike" */ = {
			isa = XCConfigurationList;
			buildConfigurations = (
				DBFP00000000000000000072 /* Debug */,
				DBFP00000000000000000073 /* Release */,
			);
			defaultConfigurationIsVisible = 0;
			defaultConfigurationName = Release;
		};
/* End XCConfigurationList section */
	};
	rootObject = DBFP00000000000000000051 /* Project object */;
}
